
Microsoft Visual Studio Solution File, Format Version 12.00
# Visual Studio Version 17
VisualStudioVersion = 17.11.35431.28
MinimumVisualStudioVersion = 10.0.40219.1
Project("{FAE04EC0-301F-11D3-BF4B-00C04F79EFBC}") = "LearningHub.API", "LearningHub.API.csproj", "{64C2C14B-DAEC-4C8F-83C6-52DB2D85696F}"
EndProject
Project("{FAE04EC0-301F-11D3-BF4B-00C04F79EFBC}") = "LearningHub.Core", "..\LearningHub.Core\LearningHub.Core.csproj", "{BF3E0CC6-CE86-4157-B099-9CA8DD49C73B}"
EndProject
Project("{FAE04EC0-301F-11D3-BF4B-00C04F79EFBC}") = "LearningHub.Infra", "..\LearningHub.Infra\LearningHub.Infra.csproj", "{10CA87A4-C55D-44DD-A874-662698AC0586}"
EndProject
Global
	GlobalSection(SolutionConfigurationPlatforms) = preSolution
		Debug|Any CPU = Debug|Any CPU
		Release|Any CPU = Release|Any CPU
	EndGlobalSection
	GlobalSection(ProjectConfigurationPlatforms) = postSolution
		{64C2C14B-DAEC-4C8F-83C6-52DB2D85696F}.Debug|Any CPU.ActiveCfg = Debug|Any CPU
		{64C2C14B-DAEC-4C8F-83C6-52DB2D85696F}.Debug|Any CPU.Build.0 = Debug|Any CPU
		{64C2C14B-DAEC-4C8F-83C6-52DB2D85696F}.Release|Any CPU.ActiveCfg = Release|Any CPU
		{64C2C14B-DAEC-4C8F-83C6-52DB2D85696F}.Release|Any CPU.Build.0 = Release|Any CPU
		{BF3E0CC6-CE86-4157-B099-9CA8DD49C73B}.Debug|Any CPU.ActiveCfg = Debug|Any CPU
		{BF3E0CC6-CE86-4157-B099-9CA8DD49C73B}.Debug|Any CPU.Build.0 = Debug|Any CPU
		{BF3E0CC6-CE86-4157-B099-9CA8DD49C73B}.Release|Any CPU.ActiveCfg = Release|Any CPU
		{BF3E0CC6-CE86-4157-B099-9CA8DD49C73B}.Release|Any CPU.Build.0 = Release|Any CPU
		{10CA87A4-C55D-44DD-A874-662698AC0586}.Debug|Any CPU.ActiveCfg = Debug|Any CPU
		{10CA87A4-C55D-44DD-A874-662698AC0586}.Debug|Any CPU.Build.0 = Debug|Any CPU
		{10CA87A4-C55D-44DD-A874-662698AC0586}.Release|Any CPU.ActiveCfg = Release|Any CPU
		{10CA87A4-C55D-44DD-A874-662698AC0586}.Release|Any CPU.Build.0 = Release|Any CPU
	EndGlobalSection
	GlobalSection(SolutionProperties) = preSolution
		HideSolutionNode = FALSE
	EndGlobalSection
	GlobalSection(ExtensibilityGlobals) = postSolution
		SolutionGuid = {C2795C08-72DB-4DDC-9FE6-893978CD4B9C}
	EndGlobalSection
EndGlobal
